{
  "version": 4,
  "terraform_version": "1.7.5",
  "serial": 337,
  "lineage": "bbd8e6c2-3f54-e6a1-0dd9-3b4c2ac37c8f",
  "outputs": {},
  "resources": [
    {
      "mode": "managed",
      "type": "aws_autoscaling_attachment",
      "name": "example",
      "provider": "provider[\"registry.terraform.io/hashicorp/aws\"]",
      "instances": [
        {
          "schema_version": 0,
          "attributes": {
            "autoscaling_group_name": "Wordpress-ASG",
            "elb": null,
            "id": "Wordpress-ASG-20240511203446452900000001",
            "lb_target_group_arn": "arn:aws:elasticloadbalancing:ca-central-1:511684210813:targetgroup/Wordpress-TargetGroup/4ed04a342b24984d"
          },
          "sensitive_attributes": [],
          "private": "bnVsbA==",
          "dependencies": [
            "aws_autoscaling_group.wp-asg",
            "aws_launch_template.wp-web-servers-lt",
            "aws_lb_target_group.wordpress-targetgroup",
            "aws_security_group.wp_db_clients",
            "aws_security_group.wp_efs_clients",
            "aws_security_group.wp_load_balancer",
            "aws_security_group.wp_web_servers",
            "aws_subnet.application_subnet_a",
            "aws_subnet.application_subnet_b",
            "aws_vpc.main"
          ]
        }
      ]
    },
    {
      "mode": "managed",
      "type": "aws_autoscaling_group",
      "name": "wp-asg",
      "provider": "provider[\"registry.terraform.io/hashicorp/aws\"]",
      "instances": [
        {
          "schema_version": 1,
          "attributes": {
            "arn": "arn:aws:autoscaling:ca-central-1:511684210813:autoScalingGroup:963069b4-cd47-4655-af18-f8b084561173:autoScalingGroupName/Wordpress-ASG",
            "availability_zones": [
              "ca-central-1a",
              "ca-central-1b"
            ],
            "capacity_rebalance": false,
            "context": "",
            "default_cooldown": 300,
            "default_instance_warmup": 300,
            "desired_capacity": 2,
            "desired_capacity_type": "",
            "enabled_metrics": [],
            "force_delete": false,
            "force_delete_warm_pool": false,
            "health_check_grace_period": 300,
            "health_check_type": "ELB",
            "id": "Wordpress-ASG",
            "ignore_failed_scaling_activities": false,
            "initial_lifecycle_hook": [],
            "instance_maintenance_policy": [],
            "instance_refresh": [],
            "launch_configuration": "",
            "launch_template": [
              {
                "id": "lt-01eb3fc2da8961d69",
                "name": "WP-WebServers-LT",
                "version": ""
              }
            ],
            "load_balancers": [],
            "max_instance_lifetime": 0,
            "max_size": 4,
            "metrics_granularity": "1Minute",
            "min_elb_capacity": null,
            "min_size": 2,
            "mixed_instances_policy": [],
            "name": "Wordpress-ASG",
            "name_prefix": "",
            "placement_group": "",
            "predicted_capacity": 0,
            "protect_from_scale_in": false,
            "service_linked_role_arn": "arn:aws:iam::511684210813:role/aws-service-role/autoscaling.amazonaws.com/AWSServiceRoleForAutoScaling",
            "suspended_processes": [],
            "tag": [],
            "target_group_arns": [],
            "termination_policies": [],
            "timeouts": null,
            "traffic_source": [],
            "vpc_zone_identifier": [
              "subnet-01a1d9fc64ba4510a",
              "subnet-0f5795bcb16174de9"
            ],
            "wait_for_capacity_timeout": "10m",
            "wait_for_elb_capacity": null,
            "warm_pool": [],
            "warm_pool_size": 0
          },
          "sensitive_attributes": [],
          "private": "eyJlMmJmYjczMC1lY2FhLTExZTYtOGY4OC0zNDM2M2JjN2M0YzAiOnsiZGVsZXRlIjo2MDAwMDAwMDAwMDAsInVwZGF0ZSI6NjAwMDAwMDAwMDAwfSwic2NoZW1hX3ZlcnNpb24iOiIxIn0=",
          "dependencies": [
            "aws_launch_template.wp-web-servers-lt",
            "aws_security_group.wp_db_clients",
            "aws_security_group.wp_efs_clients",
            "aws_security_group.wp_load_balancer",
            "aws_security_group.wp_web_servers",
            "aws_subnet.application_subnet_a",
            "aws_subnet.application_subnet_b",
            "aws_vpc.main"
          ]
        }
      ]
    },
    {
      "mode": "managed",
      "type": "aws_autoscaling_policy",
      "name": "wp-tracking-policy-cpuutil",
      "provider": "provider[\"registry.terraform.io/hashicorp/aws\"]",
      "instances": [
        {
          "schema_version": 0,
          "attributes": {
            "adjustment_type": "",
            "arn": "arn:aws:autoscaling:ca-central-1:511684210813:scalingPolicy:1b8ad590-818a-4182-b83f-46c21182a888:autoScalingGroupName/Wordpress-ASG:policyName/wp-tracking-policy-cpuutil",
            "autoscaling_group_name": "Wordpress-ASG",
            "cooldown": 0,
            "enabled": true,
            "estimated_instance_warmup": 0,
            "id": "wp-tracking-policy-cpuutil",
            "metric_aggregation_type": "",
            "min_adjustment_magnitude": 0,
            "name": "wp-tracking-policy-cpuutil",
            "policy_type": "TargetTrackingScaling",
            "predictive_scaling_configuration": [],
            "scaling_adjustment": 0,
            "step_adjustment": [],
            "target_tracking_configuration": [
              {
                "customized_metric_specification": [],
                "disable_scale_in": false,
                "predefined_metric_specification": [
                  {
                    "predefined_metric_type": "ASGAverageCPUUtilization",
                    "resource_label": ""
                  }
                ],
                "target_value": 80
              }
            ]
          },
          "sensitive_attributes": [],
          "private": "bnVsbA==",
          "dependencies": [
            "aws_autoscaling_group.wp-asg",
            "aws_launch_template.wp-web-servers-lt",
            "aws_security_group.wp_db_clients",
            "aws_security_group.wp_efs_clients",
            "aws_security_group.wp_load_balancer",
            "aws_security_group.wp_web_servers",
            "aws_subnet.application_subnet_a",
            "aws_subnet.application_subnet_b",
            "aws_vpc.main"
          ]
        }
      ]
    },
    {
      "mode": "managed",
      "type": "aws_db_subnet_group",
      "name": "aurora-wordpress",
      "provider": "provider[\"registry.terraform.io/hashicorp/aws\"]",
      "instances": [
        {
          "schema_version": 0,
          "attributes": {
            "arn": "arn:aws:rds:ca-central-1:511684210813:subgrp:aurora-wordpress",
            "description": "RDS subnet group used by Wordpress",
            "id": "aurora-wordpress",
            "name": "aurora-wordpress",
            "name_prefix": "",
            "subnet_ids": [
              "subnet-0d00e79d27b4aba3a",
              "subnet-0f4e2cfbb4d5a97cc"
            ],
            "supported_network_types": [
              "IPV4"
            ],
            "tags": {
              "Name": "Aurora-Wordpress"
            },
            "tags_all": {
              "Name": "Aurora-Wordpress"
            },
            "vpc_id": "vpc-0c14a5cd4d078e128"
          },
          "sensitive_attributes": [],
          "private": "bnVsbA==",
          "dependencies": [
            "aws_subnet.data_subnet_a",
            "aws_subnet.data_subnet_b",
            "aws_vpc.main"
          ]
        }
      ]
    },
    {
      "mode": "managed",
      "type": "aws_efs_file_system",
      "name": "wordpress-efs",
      "provider": "provider[\"registry.terraform.io/hashicorp/aws\"]",
      "instances": [
        {
          "schema_version": 0,
          "attributes": {
            "arn": "arn:aws:elasticfilesystem:ca-central-1:511684210813:file-system/fs-0fd8724c4c8ffa316",
            "availability_zone_id": "",
            "availability_zone_name": "",
            "creation_token": "wordpress-EFS",
            "dns_name": "fs-0fd8724c4c8ffa316.efs.ca-central-1.amazonaws.com",
            "encrypted": true,
            "id": "fs-0fd8724c4c8ffa316",
            "kms_key_id": "arn:aws:kms:ca-central-1:511684210813:key/71eb0654-fcc1-4e33-8136-0a5fc1a98d57",
            "lifecycle_policy": [],
            "name": "Wordpress-EFS",
            "number_of_mount_targets": 2,
            "owner_id": "511684210813",
            "performance_mode": "generalPurpose",
            "protection": [
              {
                "replication_overwrite": "ENABLED"
              }
            ],
            "provisioned_throughput_in_mibps": 0,
            "size_in_bytes": [
              {
                "value": 6144,
                "value_in_ia": 0,
                "value_in_standard": 6144
              }
            ],
            "tags": {
              "Name": "Wordpress-EFS"
            },
            "tags_all": {
              "Name": "Wordpress-EFS"
            },
            "throughput_mode": "bursting"
          },
          "sensitive_attributes": [],
          "private": "bnVsbA=="
        }
      ]
    },
    {
      "mode": "managed",
      "type": "aws_efs_mount_target",
      "name": "efs_a",
      "provider": "provider[\"registry.terraform.io/hashicorp/aws\"]",
      "instances": [
        {
          "schema_version": 0,
          "attributes": {
            "availability_zone_id": "cac1-az1",
            "availability_zone_name": "ca-central-1a",
            "dns_name": "fs-0fd8724c4c8ffa316.efs.ca-central-1.amazonaws.com",
            "file_system_arn": "arn:aws:elasticfilesystem:ca-central-1:511684210813:file-system/fs-0fd8724c4c8ffa316",
            "file_system_id": "fs-0fd8724c4c8ffa316",
            "id": "fsmt-06893cabfadccfb24",
            "ip_address": "10.2.4.178",
            "mount_target_dns_name": "ca-central-1a.fs-0fd8724c4c8ffa316.efs.ca-central-1.amazonaws.com",
            "network_interface_id": "eni-07f2d332ac132a42a",
            "owner_id": "511684210813",
            "security_groups": [
              "sg-05cad5e633032d726"
            ],
            "subnet_id": "subnet-0f4e2cfbb4d5a97cc",
            "timeouts": null
          },
          "sensitive_attributes": [],
          "private": "eyJlMmJmYjczMC1lY2FhLTExZTYtOGY4OC0zNDM2M2JjN2M0YzAiOnsiY3JlYXRlIjoxODAwMDAwMDAwMDAwLCJkZWxldGUiOjYwMDAwMDAwMDAwMH19",
          "dependencies": [
            "aws_efs_file_system.wordpress-efs",
            "aws_security_group.wp_efs",
            "aws_security_group.wp_efs_clients",
            "aws_subnet.data_subnet_a",
            "aws_vpc.main"
          ]
        }
      ]
    },
    {
      "mode": "managed",
      "type": "aws_efs_mount_target",
      "name": "efs_b",
      "provider": "provider[\"registry.terraform.io/hashicorp/aws\"]",
      "instances": [
        {
          "schema_version": 0,
          "attributes": {
            "availability_zone_id": "cac1-az2",
            "availability_zone_name": "ca-central-1b",
            "dns_name": "fs-0fd8724c4c8ffa316.efs.ca-central-1.amazonaws.com",
            "file_system_arn": "arn:aws:elasticfilesystem:ca-central-1:511684210813:file-system/fs-0fd8724c4c8ffa316",
            "file_system_id": "fs-0fd8724c4c8ffa316",
            "id": "fsmt-00850bc1e8c9cea22",
            "ip_address": "10.2.5.32",
            "mount_target_dns_name": "ca-central-1b.fs-0fd8724c4c8ffa316.efs.ca-central-1.amazonaws.com",
            "network_interface_id": "eni-072ee912a18e52cf9",
            "owner_id": "511684210813",
            "security_groups": [
              "sg-05cad5e633032d726"
            ],
            "subnet_id": "subnet-0d00e79d27b4aba3a",
            "timeouts": null
          },
          "sensitive_attributes": [],
          "private": "eyJlMmJmYjczMC1lY2FhLTExZTYtOGY4OC0zNDM2M2JjN2M0YzAiOnsiY3JlYXRlIjoxODAwMDAwMDAwMDAwLCJkZWxldGUiOjYwMDAwMDAwMDAwMH19",
          "dependencies": [
            "aws_efs_file_system.wordpress-efs",
            "aws_security_group.wp_efs",
            "aws_security_group.wp_efs_clients",
            "aws_subnet.data_subnet_b",
            "aws_vpc.main"
          ]
        }
      ]
    },
    {
      "mode": "managed",
      "type": "aws_eip",
      "name": "eip_a",
      "provider": "provider[\"registry.terraform.io/hashicorp/aws\"]",
      "instances": [
        {
          "schema_version": 0,
          "attributes": {
            "address": null,
            "allocation_id": "eipalloc-0a333c82ed7f4f28a",
            "associate_with_private_ip": null,
            "association_id": "eipassoc-0502d5e0a8bdf6cde",
            "carrier_ip": "",
            "customer_owned_ip": "",
            "customer_owned_ipv4_pool": "",
            "domain": "vpc",
            "id": "eipalloc-0a333c82ed7f4f28a",
            "instance": "",
            "network_border_group": "ca-central-1",
            "network_interface": "eni-0b75ddffb6913a768",
            "private_dns": "ip-10-2-0-143.ca-central-1.compute.internal",
            "private_ip": "10.2.0.143",
            "public_dns": "ec2-35-183-253-213.ca-central-1.compute.amazonaws.com",
            "public_ip": "35.183.253.213",
            "public_ipv4_pool": "amazon",
            "tags": {
              "Name": "eip_A"
            },
            "tags_all": {
              "Name": "eip_A"
            },
            "timeouts": null,
            "vpc": true
          },
          "sensitive_attributes": [],
          "private": "eyJlMmJmYjczMC1lY2FhLTExZTYtOGY4OC0zNDM2M2JjN2M0YzAiOnsiZGVsZXRlIjoxODAwMDAwMDAwMDAsInJlYWQiOjkwMDAwMDAwMDAwMCwidXBkYXRlIjozMDAwMDAwMDAwMDB9fQ=="
        }
      ]
    },
    {
      "mode": "managed",
      "type": "aws_eip",
      "name": "eip_b",
      "provider": "provider[\"registry.terraform.io/hashicorp/aws\"]",
      "instances": [
        {
          "schema_version": 0,
          "attributes": {
            "address": null,
            "allocation_id": "eipalloc-04a2a86d7eeadcfd2",
            "associate_with_private_ip": null,
            "association_id": "eipassoc-0bd322e8e0292ea6e",
            "carrier_ip": "",
            "customer_owned_ip": "",
            "customer_owned_ipv4_pool": "",
            "domain": "vpc",
            "id": "eipalloc-04a2a86d7eeadcfd2",
            "instance": "",
            "network_border_group": "ca-central-1",
            "network_interface": "eni-08c30f29e1ac1fb56",
            "private_dns": "ip-10-2-1-29.ca-central-1.compute.internal",
            "private_ip": "10.2.1.29",
            "public_dns": "ec2-35-183-73-109.ca-central-1.compute.amazonaws.com",
            "public_ip": "35.183.73.109",
            "public_ipv4_pool": "amazon",
            "tags": {
              "Name": "eip_B"
            },
            "tags_all": {
              "Name": "eip_B"
            },
            "timeouts": null,
            "vpc": true
          },
          "sensitive_attributes": [],
          "private": "eyJlMmJmYjczMC1lY2FhLTExZTYtOGY4OC0zNDM2M2JjN2M0YzAiOnsiZGVsZXRlIjoxODAwMDAwMDAwMDAsInJlYWQiOjkwMDAwMDAwMDAwMCwidXBkYXRlIjozMDAwMDAwMDAwMDB9fQ=="
        }
      ]
    },
    {
      "mode": "managed",
      "type": "aws_internet_gateway",
      "name": "gw",
      "provider": "provider[\"registry.terraform.io/hashicorp/aws\"]",
      "instances": [
        {
          "schema_version": 0,
          "attributes": {
            "arn": "arn:aws:ec2:ca-central-1:511684210813:internet-gateway/igw-064b34750ce772ac9",
            "id": "igw-064b34750ce772ac9",
            "owner_id": "511684210813",
            "tags": {
              "Name": "main"
            },
            "tags_all": {
              "Name": "main"
            },
            "timeouts": null,
            "vpc_id": "vpc-0c14a5cd4d078e128"
          },
          "sensitive_attributes": [],
          "private": "eyJlMmJmYjczMC1lY2FhLTExZTYtOGY4OC0zNDM2M2JjN2M0YzAiOnsiY3JlYXRlIjoxMjAwMDAwMDAwMDAwLCJkZWxldGUiOjEyMDAwMDAwMDAwMDAsInVwZGF0ZSI6MTIwMDAwMDAwMDAwMH19",
          "dependencies": [
            "aws_vpc.main"
          ]
        }
      ]
    },
    {
      "mode": "managed",
      "type": "aws_launch_template",
      "name": "wp-web-servers-lt",
      "provider": "provider[\"registry.terraform.io/hashicorp/aws\"]",
      "instances": [
        {
          "schema_version": 0,
          "attributes": {
            "arn": "arn:aws:ec2:ca-central-1:511684210813:launch-template/lt-01eb3fc2da8961d69",
            "block_device_mappings": [],
            "capacity_reservation_specification": [],
            "cpu_options": [],
            "credit_specification": [],
            "default_version": 1,
            "description": "WP WebServers Launch Template",
            "disable_api_stop": false,
            "disable_api_termination": false,
            "ebs_optimized": "",
            "elastic_gpu_specifications": [],
            "elastic_inference_accelerator": [],
            "enclave_options": [],
            "hibernation_options": [],
            "iam_instance_profile": [],
            "id": "lt-01eb3fc2da8961d69",
            "image_id": "ami-07117708253546063",
            "instance_initiated_shutdown_behavior": "",
            "instance_market_options": [],
            "instance_requirements": [],
            "instance_type": "t3.micro",
            "kernel_id": "",
            "key_name": "",
            "latest_version": 3,
            "license_specification": [],
            "maintenance_options": [],
            "metadata_options": [],
            "monitoring": [],
            "name": "WP-WebServers-LT",
            "name_prefix": "",
            "network_interfaces": [],
            "placement": [],
            "private_dns_name_options": [],
            "ram_disk_id": "",
            "security_group_names": [],
            "tag_specifications": [
              {
                "resource_type": "instance",
                "tags": {
                  "Name": "wp-web-servers-lt"
                }
              }
            ],
            "tags": {},
            "tags_all": {},
            "update_default_version": null,
            "user_data": "IyEvYmluL2Jhc2gKCkRCX05BTUU9IndvcmRwcmVzcyIKREJfVVNFUk5BTUU9IndwYWRtaW4iCkRCX1BBU1NXT1JEPSJ3cGFkbWluMTIzIgpEQl9IT1NUPSJ3b3JkcHJlc3Mtd29ya3Nob3AuY2x1c3Rlci1jdjZrbThpcTA4YmMuY2EtY2VudHJhbC0xLnJkcy5hbWF6b25hd3MuY29tIgpFRlNfRlNfSUQ9ImZzLTA3NmQxMTY3OGQwODEwNGI3IgoKZG5mIHVwZGF0ZSAteQoKI2luc3RhbGwgd2dldCwgYXBhY2hlIHNlcnZlciwgcGhwIGFuZCBlZnMgdXRpbHMKZG5mIGluc3RhbGwgLXkgaHR0cGQgd2dldCBwaHAtZnBtIHBocC1teXNxbGkgcGhwLWpzb24gcGhwIGFtYXpvbi1lZnMtdXRpbHMKCiNjcmVhdGUgd3AtY29udGVudCBtb3VudHBvaW50Cm1rZGlyIC1wIC92YXIvd3d3L2h0bWwvd3AtY29udGVudAptb3VudCAtdCBlZnMgJEVGU19GU19JRDovIC92YXIvd3d3L2h0bWwvd3AtY29udGVudAoKI2luc3RhbGwgd29yZHByZXNzCmNkIC92YXIvd3d3CndnZXQgaHR0cHM6Ly93b3JkcHJlc3Mub3JnL2xhdGVzdC50YXIuZ3oKdGFyIC14emYgbGF0ZXN0LnRhci5negpjcCB3b3JkcHJlc3Mvd3AtY29uZmlnLXNhbXBsZS5waHAgd29yZHByZXNzL3dwLWNvbmZpZy5waHAKcm0gLWYgbGF0ZXN0LnRhci5negoKI2NoYW5nZSB3cC1jb25maWcgd2l0aCBEQiBkZXRhaWxzCmNwIC1ybiB3b3JkcHJlc3MvKiAvdmFyL3d3dy9odG1sLwpzZWQgLWkgInMvZGF0YWJhc2VfbmFtZV9oZXJlLyREQl9OQU1FL2ciIC92YXIvd3d3L2h0bWwvd3AtY29uZmlnLnBocApzZWQgLWkgInMvdXNlcm5hbWVfaGVyZS8kREJfVVNFUk5BTUUvZyIgL3Zhci93d3cvaHRtbC93cC1jb25maWcucGhwCnNlZCAtaSAicy9wYXNzd29yZF9oZXJlLyREQl9QQVNTV09SRC9nIiAvdmFyL3d3dy9odG1sL3dwLWNvbmZpZy5waHAKc2VkIC1pICJzL2xvY2FsaG9zdC8kREJfSE9TVC9nIiAvdmFyL3d3dy9odG1sL3dwLWNvbmZpZy5waHAKCiNjaGFuZ2UgaHR0cGQuY29uZiBmaWxlIHRvIGFsbG93b3ZlcnJpZGUKIyAgZW5hYmxlIC5odGFjY2VzcyBmaWxlcyBpbiBBcGFjaGUgY29uZmlnIHVzaW5nIHNlZCBjb21tYW5kCnNlZCAtaSAnLzxEaXJlY3RvcnkgIlwvdmFyXC93d3dcL2h0bWwiPi8sLzxcL0RpcmVjdG9yeT4vIHMvQWxsb3dPdmVycmlkZSBOb25lL0FsbG93T3ZlcnJpZGUgQWxsLycgL2V0Yy9odHRwZC9jb25mL2h0dHBkLmNvbmYKCiMgY3JlYXRlIHBocGluZm8gZmlsZQplY2hvICI8P3BocCBwaHBpbmZvKCk7ID8+IiA+IC92YXIvd3d3L2h0bWwvcGhwaW5mby5waHAKCiMgUmVjdXJzaXZlbHkgY2hhbmdlIE9XTkVSIG9mIGRpcmVjdG9yeSAvdmFyL3d3dyBhbmQgYWxsIGl0cyBjb250ZW50cwpjaG93biAtUiBhcGFjaGU6YXBhY2hlIC92YXIvd3d3CgpzeXN0ZW1jdGwgcmVzdGFydCBodHRwZApzeXN0ZW1jdGwgZW5hYmxlIGh0dHBkCg==",
            "vpc_security_group_ids": [
              "sg-001af6cdb50d017c6",
              "sg-00a6519381e7d5ad2",
              "sg-0dde606127589b54b"
            ]
          },
          "sensitive_attributes": [],
          "private": "bnVsbA==",
          "dependencies": [
            "aws_security_group.wp_db_clients",
            "aws_security_group.wp_efs_clients",
            "aws_security_group.wp_load_balancer",
            "aws_security_group.wp_web_servers",
            "aws_vpc.main"
          ]
        }
      ]
    },
    {
      "mode": "managed",
      "type": "aws_lb",
      "name": "wordpress-alb",
      "provider": "provider[\"registry.terraform.io/hashicorp/aws\"]",
      "instances": [
        {
          "schema_version": 0,
          "attributes": {
            "access_logs": [
              {
                "bucket": "",
                "enabled": false,
                "prefix": ""
              }
            ],
            "arn": "arn:aws:elasticloadbalancing:ca-central-1:511684210813:loadbalancer/app/wordpress-alb/024785076261cbfb",
            "arn_suffix": "app/wordpress-alb/024785076261cbfb",
            "connection_logs": [
              {
                "bucket": "",
                "enabled": false,
                "prefix": ""
              }
            ],
            "customer_owned_ipv4_pool": "",
            "desync_mitigation_mode": "defensive",
            "dns_name": "wordpress-alb-1668182184.ca-central-1.elb.amazonaws.com",
            "dns_record_client_routing_policy": null,
            "drop_invalid_header_fields": false,
            "enable_cross_zone_load_balancing": true,
            "enable_deletion_protection": true,
            "enable_http2": true,
            "enable_tls_version_and_cipher_suite_headers": false,
            "enable_waf_fail_open": false,
            "enable_xff_client_port": false,
            "enforce_security_group_inbound_rules_on_private_link_traffic": "",
            "id": "arn:aws:elasticloadbalancing:ca-central-1:511684210813:loadbalancer/app/wordpress-alb/024785076261cbfb",
            "idle_timeout": 60,
            "internal": false,
            "ip_address_type": "ipv4",
            "load_balancer_type": "application",
            "name": "wordpress-alb",
            "name_prefix": "",
            "preserve_host_header": false,
            "security_groups": [
              "sg-0e46155d3873f5f2b"
            ],
            "subnet_mapping": [
              {
                "allocation_id": "",
                "ipv6_address": "",
                "outpost_id": "",
                "private_ipv4_address": "",
                "subnet_id": "subnet-04b2a55575344e718"
              },
              {
                "allocation_id": "",
                "ipv6_address": "",
                "outpost_id": "",
                "private_ipv4_address": "",
                "subnet_id": "subnet-0fa6b8e16e052968f"
              }
            ],
            "subnets": [
              "subnet-04b2a55575344e718",
              "subnet-0fa6b8e16e052968f"
            ],
            "tags": {
              "Name": "wordpress-alb"
            },
            "tags_all": {
              "Name": "wordpress-alb"
            },
            "timeouts": null,
            "vpc_id": "vpc-0c14a5cd4d078e128",
            "xff_header_processing_mode": "append",
            "zone_id": "ZQSVJUPU6J1EY"
          },
          "sensitive_attributes": [],
          "private": "eyJlMmJmYjczMC1lY2FhLTExZTYtOGY4OC0zNDM2M2JjN2M0YzAiOnsiY3JlYXRlIjo2MDAwMDAwMDAwMDAsImRlbGV0ZSI6NjAwMDAwMDAwMDAwLCJ1cGRhdGUiOjYwMDAwMDAwMDAwMH19",
          "dependencies": [
            "aws_security_group.wp_load_balancer",
            "aws_subnet.public_subnet_a",
            "aws_subnet.public_subnet_b",
            "aws_vpc.main"
          ]
        }
      ]
    },
    {
      "mode": "managed",
      "type": "aws_lb_listener",
      "name": "wordpress-listener",
      "provider": "provider[\"registry.terraform.io/hashicorp/aws\"]",
      "instances": [
        {
          "schema_version": 0,
          "attributes": {
            "alpn_policy": null,
            "arn": "arn:aws:elasticloadbalancing:ca-central-1:511684210813:listener/app/wordpress-alb/024785076261cbfb/9a390c4dca9d7102",
            "certificate_arn": null,
            "default_action": [
              {
                "authenticate_cognito": [],
                "authenticate_oidc": [],
                "fixed_response": [],
                "forward": [],
                "order": 1,
                "redirect": [],
                "target_group_arn": "arn:aws:elasticloadbalancing:ca-central-1:511684210813:targetgroup/Wordpress-TargetGroup/4ed04a342b24984d",
                "type": "forward"
              }
            ],
            "id": "arn:aws:elasticloadbalancing:ca-central-1:511684210813:listener/app/wordpress-alb/024785076261cbfb/9a390c4dca9d7102",
            "load_balancer_arn": "arn:aws:elasticloadbalancing:ca-central-1:511684210813:loadbalancer/app/wordpress-alb/024785076261cbfb",
            "mutual_authentication": [],
            "port": 80,
            "protocol": "HTTP",
            "ssl_policy": "",
            "tags": {},
            "tags_all": {},
            "timeouts": null
          },
          "sensitive_attributes": [],
          "private": "eyJlMmJmYjczMC1lY2FhLTExZTYtOGY4OC0zNDM2M2JjN2M0YzAiOnsiY3JlYXRlIjozMDAwMDAwMDAwMDAsInVwZGF0ZSI6MzAwMDAwMDAwMDAwfX0=",
          "dependencies": [
            "aws_lb.wordpress-alb",
            "aws_lb_target_group.wordpress-targetgroup",
            "aws_security_group.wp_load_balancer",
            "aws_subnet.public_subnet_a",
            "aws_subnet.public_subnet_b",
            "aws_vpc.main"
          ]
        }
      ]
    },
    {
      "mode": "managed",
      "type": "aws_lb_target_group",
      "name": "wordpress-targetgroup",
      "provider": "provider[\"registry.terraform.io/hashicorp/aws\"]",
      "instances": [
        {
          "schema_version": 0,
          "attributes": {
            "arn": "arn:aws:elasticloadbalancing:ca-central-1:511684210813:targetgroup/Wordpress-TargetGroup/4ed04a342b24984d",
            "arn_suffix": "targetgroup/Wordpress-TargetGroup/4ed04a342b24984d",
            "connection_termination": null,
            "deregistration_delay": "300",
            "health_check": [
              {
                "enabled": true,
                "healthy_threshold": 3,
                "interval": 30,
                "matcher": "200",
                "path": "/phpinfo.php",
                "port": "traffic-port",
                "protocol": "HTTP",
                "timeout": 5,
                "unhealthy_threshold": 3
              }
            ],
            "id": "arn:aws:elasticloadbalancing:ca-central-1:511684210813:targetgroup/Wordpress-TargetGroup/4ed04a342b24984d",
            "ip_address_type": "ipv4",
            "lambda_multi_value_headers_enabled": false,
            "load_balancer_arns": [
              "arn:aws:elasticloadbalancing:ca-central-1:511684210813:loadbalancer/app/wordpress-alb/024785076261cbfb"
            ],
            "load_balancing_algorithm_type": "round_robin",
            "load_balancing_anomaly_mitigation": "off",
            "load_balancing_cross_zone_enabled": "use_load_balancer_configuration",
            "name": "Wordpress-TargetGroup",
            "name_prefix": "",
            "port": 80,
            "preserve_client_ip": null,
            "protocol": "HTTP",
            "protocol_version": "HTTP1",
            "proxy_protocol_v2": false,
            "slow_start": 0,
            "stickiness": [
              {
                "cookie_duration": 86400,
                "cookie_name": "",
                "enabled": false,
                "type": "lb_cookie"
              }
            ],
            "tags": {},
            "tags_all": {},
            "target_failover": [
              {
                "on_deregistration": null,
                "on_unhealthy": null
              }
            ],
            "target_health_state": [
              {
                "enable_unhealthy_connection_termination": null
              }
            ],
            "target_type": "instance",
            "vpc_id": "vpc-0c14a5cd4d078e128"
          },
          "sensitive_attributes": [],
          "private": "bnVsbA==",
          "dependencies": [
            "aws_vpc.main"
          ]
        }
      ]
    },
    {
      "mode": "managed",
      "type": "aws_nat_gateway",
      "name": "ngw_a",
      "provider": "provider[\"registry.terraform.io/hashicorp/aws\"]",
      "instances": [
        {
          "schema_version": 0,
          "attributes": {
            "allocation_id": "eipalloc-0a333c82ed7f4f28a",
            "association_id": "eipassoc-0502d5e0a8bdf6cde",
            "connectivity_type": "public",
            "id": "nat-013b15ece0930d3a8",
            "network_interface_id": "eni-0b75ddffb6913a768",
            "private_ip": "10.2.0.143",
            "public_ip": "35.183.253.213",
            "secondary_allocation_ids": [],
            "secondary_private_ip_address_count": 0,
            "secondary_private_ip_addresses": [],
            "subnet_id": "subnet-0fa6b8e16e052968f",
            "tags": {
              "Name": "gw_NAT_A"
            },
            "tags_all": {
              "Name": "gw_NAT_A"
            },
            "timeouts": null
          },
          "sensitive_attributes": [],
          "private": "eyJlMmJmYjczMC1lY2FhLTExZTYtOGY4OC0zNDM2M2JjN2M0YzAiOnsiY3JlYXRlIjo2MDAwMDAwMDAwMDAsImRlbGV0ZSI6MTgwMDAwMDAwMDAwMCwidXBkYXRlIjo2MDAwMDAwMDAwMDB9fQ==",
          "dependencies": [
            "aws_eip.eip_a",
            "aws_subnet.public_subnet_a",
            "aws_vpc.main"
          ]
        }
      ]
    },
    {
      "mode": "managed",
      "type": "aws_nat_gateway",
      "name": "ngw_b",
      "provider": "provider[\"registry.terraform.io/hashicorp/aws\"]",
      "instances": [
        {
          "schema_version": 0,
          "attributes": {
            "allocation_id": "eipalloc-04a2a86d7eeadcfd2",
            "association_id": "eipassoc-0bd322e8e0292ea6e",
            "connectivity_type": "public",
            "id": "nat-0bc1a2913056b0a66",
            "network_interface_id": "eni-08c30f29e1ac1fb56",
            "private_ip": "10.2.1.29",
            "public_ip": "35.183.73.109",
            "secondary_allocation_ids": [],
            "secondary_private_ip_address_count": 0,
            "secondary_private_ip_addresses": [],
            "subnet_id": "subnet-04b2a55575344e718",
            "tags": {
              "Name": "gw_NAT_B"
            },
            "tags_all": {
              "Name": "gw_NAT_B"
            },
            "timeouts": null
          },
          "sensitive_attributes": [],
          "private": "eyJlMmJmYjczMC1lY2FhLTExZTYtOGY4OC0zNDM2M2JjN2M0YzAiOnsiY3JlYXRlIjo2MDAwMDAwMDAwMDAsImRlbGV0ZSI6MTgwMDAwMDAwMDAwMCwidXBkYXRlIjo2MDAwMDAwMDAwMDB9fQ==",
          "dependencies": [
            "aws_eip.eip_b",
            "aws_subnet.public_subnet_b",
            "aws_vpc.main"
          ]
        }
      ]
    },
    {
      "mode": "managed",
      "type": "aws_rds_cluster",
      "name": "wordpress-workshop",
      "provider": "provider[\"registry.terraform.io/hashicorp/aws\"]",
      "instances": [
        {
          "schema_version": 1,
          "attributes": {
            "allocated_storage": 1,
            "allow_major_version_upgrade": null,
            "apply_immediately": null,
            "arn": "arn:aws:rds:ca-central-1:511684210813:cluster:wordpress-workshop",
            "availability_zones": [
              "ca-central-1a",
              "ca-central-1b"
            ],
            "backtrack_window": 0,
            "backup_retention_period": 1,
            "cluster_identifier": "wordpress-workshop",
            "cluster_identifier_prefix": "",
            "cluster_members": [],
            "cluster_resource_id": "cluster-LRMNYQFHYUDNNFII43GYIO4EYM",
            "copy_tags_to_snapshot": false,
            "database_name": "wordpress",
            "db_cluster_instance_class": "",
            "db_cluster_parameter_group_name": "default.aurora-mysql8.0",
            "db_instance_parameter_group_name": null,
            "db_subnet_group_name": "aurora-wordpress",
            "db_system_id": "",
            "delete_automated_backups": true,
            "deletion_protection": false,
            "domain": "",
            "domain_iam_role_name": "",
            "enable_global_write_forwarding": false,
            "enable_http_endpoint": false,
            "enable_local_write_forwarding": false,
            "enabled_cloudwatch_logs_exports": null,
            "endpoint": "wordpress-workshop.cluster-cv6km8iq08bc.ca-central-1.rds.amazonaws.com",
            "engine": "aurora-mysql",
            "engine_mode": "provisioned",
            "engine_version": "8.0.mysql_aurora.3.05.2",
            "engine_version_actual": "8.0.mysql_aurora.3.05.2",
            "final_snapshot_identifier": null,
            "global_cluster_identifier": "",
            "hosted_zone_id": "Z1JG78A3UK1DU3",
            "iam_database_authentication_enabled": false,
            "iam_roles": [],
            "id": "wordpress-workshop",
            "iops": 0,
            "kms_key_id": "",
            "manage_master_user_password": null,
            "master_password": "wpadmin123",
            "master_user_secret": [],
            "master_user_secret_kms_key_id": null,
            "master_username": "wpadmin",
            "network_type": "IPV4",
            "port": 3306,
            "preferred_backup_window": "07:53-08:23",
            "preferred_maintenance_window": "wed:06:59-wed:07:29",
            "reader_endpoint": "wordpress-workshop.cluster-ro-cv6km8iq08bc.ca-central-1.rds.amazonaws.com",
            "replication_source_identifier": "",
            "restore_to_point_in_time": [],
            "s3_import": [],
            "scaling_configuration": [],
            "serverlessv2_scaling_configuration": [],
            "skip_final_snapshot": true,
            "snapshot_identifier": null,
            "source_region": null,
            "storage_encrypted": false,
            "storage_type": "",
            "tags": null,
            "tags_all": {},
            "timeouts": null,
            "vpc_security_group_ids": [
              "sg-00a6519381e7d5ad2",
              "sg-00af8e5074b9071a3"
            ]
          },
          "sensitive_attributes": [],
          "private": "eyJlMmJmYjczMC1lY2FhLTExZTYtOGY4OC0zNDM2M2JjN2M0YzAiOnsiY3JlYXRlIjo3MjAwMDAwMDAwMDAwLCJkZWxldGUiOjcyMDAwMDAwMDAwMDAsInVwZGF0ZSI6NzIwMDAwMDAwMDAwMH0sInNjaGVtYV92ZXJzaW9uIjoiMSJ9",
          "dependencies": [
            "aws_db_subnet_group.aurora-wordpress",
            "aws_security_group.wp_db",
            "aws_security_group.wp_db_clients",
            "aws_subnet.data_subnet_a",
            "aws_subnet.data_subnet_b",
            "aws_vpc.main"
          ]
        }
      ]
    },
    {
      "mode": "managed",
      "type": "aws_rds_cluster_instance",
      "name": "cluster_instances",
      "provider": "provider[\"registry.terraform.io/hashicorp/aws\"]",
      "instances": [
        {
          "index_key": 0,
          "schema_version": 0,
          "attributes": {
            "apply_immediately": null,
            "arn": "arn:aws:rds:ca-central-1:511684210813:db:wordpress-workshop-0",
            "auto_minor_version_upgrade": true,
            "availability_zone": "ca-central-1a",
            "ca_cert_identifier": "rds-ca-rsa2048-g1",
            "cluster_identifier": "wordpress-workshop",
            "copy_tags_to_snapshot": false,
            "custom_iam_instance_profile": "",
            "db_parameter_group_name": "default.aurora-mysql8.0",
            "db_subnet_group_name": "aurora-wordpress",
            "dbi_resource_id": "db-ICD5UJ5D62IATP7OR2TSR2BAY4",
            "endpoint": "wordpress-workshop-0.cv6km8iq08bc.ca-central-1.rds.amazonaws.com",
            "engine": "aurora-mysql",
            "engine_version": "8.0.mysql_aurora.3.05.2",
            "engine_version_actual": "8.0.mysql_aurora.3.05.2",
            "id": "wordpress-workshop-0",
            "identifier": "wordpress-workshop-0",
            "identifier_prefix": "",
            "instance_class": "db.r5.large",
            "kms_key_id": "",
            "monitoring_interval": 0,
            "monitoring_role_arn": "",
            "network_type": "IPV4",
            "performance_insights_enabled": true,
            "performance_insights_kms_key_id": "arn:aws:kms:ca-central-1:511684210813:key/210a9b60-393e-4e8e-ace8-238c2fc25289",
            "performance_insights_retention_period": 7,
            "port": 3306,
            "preferred_backup_window": "07:53-08:23",
            "preferred_maintenance_window": "sun:03:16-sun:03:46",
            "promotion_tier": 0,
            "publicly_accessible": false,
            "storage_encrypted": false,
            "tags": null,
            "tags_all": {},
            "timeouts": null,
            "writer": false
          },
          "sensitive_attributes": [],
          "private": "eyJlMmJmYjczMC1lY2FhLTExZTYtOGY4OC0zNDM2M2JjN2M0YzAiOnsiY3JlYXRlIjo1NDAwMDAwMDAwMDAwLCJkZWxldGUiOjU0MDAwMDAwMDAwMDAsInVwZGF0ZSI6NTQwMDAwMDAwMDAwMH19",
          "dependencies": [
            "aws_db_subnet_group.aurora-wordpress",
            "aws_rds_cluster.wordpress-workshop",
            "aws_security_group.wp_db",
            "aws_security_group.wp_db_clients",
            "aws_subnet.data_subnet_a",
            "aws_subnet.data_subnet_b",
            "aws_vpc.main"
          ]
        },
        {
          "index_key": 1,
          "schema_version": 0,
          "attributes": {
            "apply_immediately": null,
            "arn": "arn:aws:rds:ca-central-1:511684210813:db:wordpress-workshop-1",
            "auto_minor_version_upgrade": true,
            "availability_zone": "ca-central-1b",
            "ca_cert_identifier": "rds-ca-rsa2048-g1",
            "cluster_identifier": "wordpress-workshop",
            "copy_tags_to_snapshot": false,
            "custom_iam_instance_profile": "",
            "db_parameter_group_name": "default.aurora-mysql8.0",
            "db_subnet_group_name": "aurora-wordpress",
            "dbi_resource_id": "db-QHCIKTYKVKSSQ3G3SPV7IWGGBE",
            "endpoint": "wordpress-workshop-1.cv6km8iq08bc.ca-central-1.rds.amazonaws.com",
            "engine": "aurora-mysql",
            "engine_version": "8.0.mysql_aurora.3.05.2",
            "engine_version_actual": "8.0.mysql_aurora.3.05.2",
            "id": "wordpress-workshop-1",
            "identifier": "wordpress-workshop-1",
            "identifier_prefix": "",
            "instance_class": "db.r5.large",
            "kms_key_id": "",
            "monitoring_interval": 0,
            "monitoring_role_arn": "",
            "network_type": "IPV4",
            "performance_insights_enabled": true,
            "performance_insights_kms_key_id": "arn:aws:kms:ca-central-1:511684210813:key/210a9b60-393e-4e8e-ace8-238c2fc25289",
            "performance_insights_retention_period": 7,
            "port": 3306,
            "preferred_backup_window": "07:53-08:23",
            "preferred_maintenance_window": "tue:08:28-tue:08:58",
            "promotion_tier": 0,
            "publicly_accessible": false,
            "storage_encrypted": false,
            "tags": null,
            "tags_all": {},
            "timeouts": null,
            "writer": true
          },
          "sensitive_attributes": [],
          "private": "eyJlMmJmYjczMC1lY2FhLTExZTYtOGY4OC0zNDM2M2JjN2M0YzAiOnsiY3JlYXRlIjo1NDAwMDAwMDAwMDAwLCJkZWxldGUiOjU0MDAwMDAwMDAwMDAsInVwZGF0ZSI6NTQwMDAwMDAwMDAwMH19",
          "dependencies": [
            "aws_db_subnet_group.aurora-wordpress",
            "aws_rds_cluster.wordpress-workshop",
            "aws_security_group.wp_db",
            "aws_security_group.wp_db_clients",
            "aws_subnet.data_subnet_a",
            "aws_subnet.data_subnet_b",
            "aws_vpc.main"
          ]
        }
      ]
    },
    {
      "mode": "managed",
      "type": "aws_route_table",
      "name": "igw_route_table",
      "provider": "provider[\"registry.terraform.io/hashicorp/aws\"]",
      "instances": [
        {
          "schema_version": 0,
          "attributes": {
            "arn": "arn:aws:ec2:ca-central-1:511684210813:route-table/rtb-021de305a5daa02f1",
            "id": "rtb-021de305a5daa02f1",
            "owner_id": "511684210813",
            "propagating_vgws": [],
            "route": [
              {
                "carrier_gateway_id": "",
                "cidr_block": "0.0.0.0/0",
                "core_network_arn": "",
                "destination_prefix_list_id": "",
                "egress_only_gateway_id": "",
                "gateway_id": "igw-064b34750ce772ac9",
                "ipv6_cidr_block": "",
                "local_gateway_id": "",
                "nat_gateway_id": "",
                "network_interface_id": "",
                "transit_gateway_id": "",
                "vpc_endpoint_id": "",
                "vpc_peering_connection_id": ""
              }
            ],
            "tags": {
              "Name": "igw_route_table"
            },
            "tags_all": {
              "Name": "igw_route_table"
            },
            "timeouts": null,
            "vpc_id": "vpc-0c14a5cd4d078e128"
          },
          "sensitive_attributes": [],
          "private": "eyJlMmJmYjczMC1lY2FhLTExZTYtOGY4OC0zNDM2M2JjN2M0YzAiOnsiY3JlYXRlIjozMDAwMDAwMDAwMDAsImRlbGV0ZSI6MzAwMDAwMDAwMDAwLCJ1cGRhdGUiOjEyMDAwMDAwMDAwMH19",
          "dependencies": [
            "aws_internet_gateway.gw",
            "aws_vpc.main"
          ]
        }
      ]
    },
    {
      "mode": "managed",
      "type": "aws_route_table",
      "name": "ngw_route_table_A",
      "provider": "provider[\"registry.terraform.io/hashicorp/aws\"]",
      "instances": [
        {
          "schema_version": 0,
          "attributes": {
            "arn": "arn:aws:ec2:ca-central-1:511684210813:route-table/rtb-0d24a90c1259cbf47",
            "id": "rtb-0d24a90c1259cbf47",
            "owner_id": "511684210813",
            "propagating_vgws": [],
            "route": [
              {
                "carrier_gateway_id": "",
                "cidr_block": "0.0.0.0/0",
                "core_network_arn": "",
                "destination_prefix_list_id": "",
                "egress_only_gateway_id": "",
                "gateway_id": "",
                "ipv6_cidr_block": "",
                "local_gateway_id": "",
                "nat_gateway_id": "nat-013b15ece0930d3a8",
                "network_interface_id": "",
                "transit_gateway_id": "",
                "vpc_endpoint_id": "",
                "vpc_peering_connection_id": ""
              }
            ],
            "tags": {
              "Name": "ngw_route_table_A"
            },
            "tags_all": {
              "Name": "ngw_route_table_A"
            },
            "timeouts": null,
            "vpc_id": "vpc-0c14a5cd4d078e128"
          },
          "sensitive_attributes": [],
          "private": "eyJlMmJmYjczMC1lY2FhLTExZTYtOGY4OC0zNDM2M2JjN2M0YzAiOnsiY3JlYXRlIjozMDAwMDAwMDAwMDAsImRlbGV0ZSI6MzAwMDAwMDAwMDAwLCJ1cGRhdGUiOjEyMDAwMDAwMDAwMH19",
          "dependencies": [
            "aws_eip.eip_a",
            "aws_nat_gateway.ngw_a",
            "aws_subnet.public_subnet_a",
            "aws_vpc.main"
          ]
        }
      ]
    },
    {
      "mode": "managed",
      "type": "aws_route_table",
      "name": "ngw_route_table_B",
      "provider": "provider[\"registry.terraform.io/hashicorp/aws\"]",
      "instances": [
        {
          "schema_version": 0,
          "attributes": {
            "arn": "arn:aws:ec2:ca-central-1:511684210813:route-table/rtb-001738f673f7eb894",
            "id": "rtb-001738f673f7eb894",
            "owner_id": "511684210813",
            "propagating_vgws": [],
            "route": [
              {
                "carrier_gateway_id": "",
                "cidr_block": "0.0.0.0/0",
                "core_network_arn": "",
                "destination_prefix_list_id": "",
                "egress_only_gateway_id": "",
                "gateway_id": "",
                "ipv6_cidr_block": "",
                "local_gateway_id": "",
                "nat_gateway_id": "nat-0bc1a2913056b0a66",
                "network_interface_id": "",
                "transit_gateway_id": "",
                "vpc_endpoint_id": "",
                "vpc_peering_connection_id": ""
              }
            ],
            "tags": {
              "Name": "ngw_route_table_B"
            },
            "tags_all": {
              "Name": "ngw_route_table_B"
            },
            "timeouts": null,
            "vpc_id": "vpc-0c14a5cd4d078e128"
          },
          "sensitive_attributes": [],
          "private": "eyJlMmJmYjczMC1lY2FhLTExZTYtOGY4OC0zNDM2M2JjN2M0YzAiOnsiY3JlYXRlIjozMDAwMDAwMDAwMDAsImRlbGV0ZSI6MzAwMDAwMDAwMDAwLCJ1cGRhdGUiOjEyMDAwMDAwMDAwMH19",
          "dependencies": [
            "aws_eip.eip_b",
            "aws_nat_gateway.ngw_b",
            "aws_subnet.public_subnet_b",
            "aws_vpc.main"
          ]
        }
      ]
    },
    {
      "mode": "managed",
      "type": "aws_route_table_association",
      "name": "rta_application_subnet_a",
      "provider": "provider[\"registry.terraform.io/hashicorp/aws\"]",
      "instances": [
        {
          "schema_version": 0,
          "attributes": {
            "gateway_id": "",
            "id": "rtbassoc-0a38418ce860b268e",
            "route_table_id": "rtb-0d24a90c1259cbf47",
            "subnet_id": "subnet-0f5795bcb16174de9",
            "timeouts": null
          },
          "sensitive_attributes": [],
          "private": "eyJlMmJmYjczMC1lY2FhLTExZTYtOGY4OC0zNDM2M2JjN2M0YzAiOnsiY3JlYXRlIjozMDAwMDAwMDAwMDAsImRlbGV0ZSI6MzAwMDAwMDAwMDAwLCJ1cGRhdGUiOjEyMDAwMDAwMDAwMH19",
          "dependencies": [
            "aws_eip.eip_a",
            "aws_nat_gateway.ngw_a",
            "aws_route_table.ngw_route_table_A",
            "aws_subnet.application_subnet_a",
            "aws_subnet.public_subnet_a",
            "aws_vpc.main"
          ]
        }
      ]
    },
    {
      "mode": "managed",
      "type": "aws_route_table_association",
      "name": "rta_application_subnet_b",
      "provider": "provider[\"registry.terraform.io/hashicorp/aws\"]",
      "instances": [
        {
          "schema_version": 0,
          "attributes": {
            "gateway_id": "",
            "id": "rtbassoc-0c47ac09601ac7fec",
            "route_table_id": "rtb-001738f673f7eb894",
            "subnet_id": "subnet-01a1d9fc64ba4510a",
            "timeouts": null
          },
          "sensitive_attributes": [],
          "private": "eyJlMmJmYjczMC1lY2FhLTExZTYtOGY4OC0zNDM2M2JjN2M0YzAiOnsiY3JlYXRlIjozMDAwMDAwMDAwMDAsImRlbGV0ZSI6MzAwMDAwMDAwMDAwLCJ1cGRhdGUiOjEyMDAwMDAwMDAwMH19",
          "dependencies": [
            "aws_eip.eip_b",
            "aws_nat_gateway.ngw_b",
            "aws_route_table.ngw_route_table_B",
            "aws_subnet.application_subnet_b",
            "aws_subnet.public_subnet_b",
            "aws_vpc.main"
          ]
        }
      ]
    },
    {
      "mode": "managed",
      "type": "aws_route_table_association",
      "name": "rta_public_subnet_a",
      "provider": "provider[\"registry.terraform.io/hashicorp/aws\"]",
      "instances": [
        {
          "schema_version": 0,
          "attributes": {
            "gateway_id": "",
            "id": "rtbassoc-0a8dc4e493fb1f503",
            "route_table_id": "rtb-021de305a5daa02f1",
            "subnet_id": "subnet-0fa6b8e16e052968f",
            "timeouts": null
          },
          "sensitive_attributes": [],
          "private": "eyJlMmJmYjczMC1lY2FhLTExZTYtOGY4OC0zNDM2M2JjN2M0YzAiOnsiY3JlYXRlIjozMDAwMDAwMDAwMDAsImRlbGV0ZSI6MzAwMDAwMDAwMDAwLCJ1cGRhdGUiOjEyMDAwMDAwMDAwMH19",
          "dependencies": [
            "aws_internet_gateway.gw",
            "aws_route_table.igw_route_table",
            "aws_subnet.public_subnet_a",
            "aws_vpc.main"
          ]
        }
      ]
    },
    {
      "mode": "managed",
      "type": "aws_route_table_association",
      "name": "rta_public_subnet_b",
      "provider": "provider[\"registry.terraform.io/hashicorp/aws\"]",
      "instances": [
        {
          "schema_version": 0,
          "attributes": {
            "gateway_id": "",
            "id": "rtbassoc-0ae5b2a8746e73c00",
            "route_table_id": "rtb-021de305a5daa02f1",
            "subnet_id": "subnet-04b2a55575344e718",
            "timeouts": null
          },
          "sensitive_attributes": [],
          "private": "eyJlMmJmYjczMC1lY2FhLTExZTYtOGY4OC0zNDM2M2JjN2M0YzAiOnsiY3JlYXRlIjozMDAwMDAwMDAwMDAsImRlbGV0ZSI6MzAwMDAwMDAwMDAwLCJ1cGRhdGUiOjEyMDAwMDAwMDAwMH19",
          "dependencies": [
            "aws_internet_gateway.gw",
            "aws_route_table.igw_route_table",
            "aws_subnet.public_subnet_b",
            "aws_vpc.main"
          ]
        }
      ]
    },
    {
      "mode": "managed",
      "type": "aws_security_group",
      "name": "wp_db",
      "provider": "provider[\"registry.terraform.io/hashicorp/aws\"]",
      "instances": [
        {
          "schema_version": 1,
          "attributes": {
            "arn": "arn:aws:ec2:ca-central-1:511684210813:security-group/sg-00af8e5074b9071a3",
            "description": "Database instance security group",
            "egress": [
              {
                "cidr_blocks": [
                  "0.0.0.0/0"
                ],
                "description": "",
                "from_port": 0,
                "ipv6_cidr_blocks": [
                  "::/0"
                ],
                "prefix_list_ids": [],
                "protocol": "-1",
                "security_groups": [],
                "self": false,
                "to_port": 0
              }
            ],
            "id": "sg-00af8e5074b9071a3",
            "ingress": [
              {
                "cidr_blocks": [],
                "description": " MySQL/Aurora which allows traffic on port 3306 from Custom source WP Database Clients security group.",
                "from_port": 3306,
                "ipv6_cidr_blocks": [],
                "prefix_list_ids": [],
                "protocol": "tcp",
                "security_groups": [
                  "sg-00a6519381e7d5ad2"
                ],
                "self": false,
                "to_port": 3306
              }
            ],
            "name": "WP Database",
            "name_prefix": "",
            "owner_id": "511684210813",
            "revoke_rules_on_delete": false,
            "tags": {
              "Name": "WP_Database"
            },
            "tags_all": {
              "Name": "WP_Database"
            },
            "timeouts": null,
            "vpc_id": "vpc-0c14a5cd4d078e128"
          },
          "sensitive_attributes": [],
          "private": "eyJlMmJmYjczMC1lY2FhLTExZTYtOGY4OC0zNDM2M2JjN2M0YzAiOnsiY3JlYXRlIjo2MDAwMDAwMDAwMDAsImRlbGV0ZSI6OTAwMDAwMDAwMDAwfSwic2NoZW1hX3ZlcnNpb24iOiIxIn0=",
          "dependencies": [
            "aws_security_group.wp_db_clients",
            "aws_vpc.main"
          ]
        }
      ]
    },
    {
      "mode": "managed",
      "type": "aws_security_group",
      "name": "wp_db_clients",
      "provider": "provider[\"registry.terraform.io/hashicorp/aws\"]",
      "instances": [
        {
          "schema_version": 1,
          "attributes": {
            "arn": "arn:aws:ec2:ca-central-1:511684210813:security-group/sg-00a6519381e7d5ad2",
            "description": "Security group for Wordpress Database clients",
            "egress": [
              {
                "cidr_blocks": [
                  "0.0.0.0/0"
                ],
                "description": "",
                "from_port": 0,
                "ipv6_cidr_blocks": [
                  "::/0"
                ],
                "prefix_list_ids": [],
                "protocol": "-1",
                "security_groups": [],
                "self": false,
                "to_port": 0
              }
            ],
            "id": "sg-00a6519381e7d5ad2",
            "ingress": [],
            "name": "WP Database Clients",
            "name_prefix": "",
            "owner_id": "511684210813",
            "revoke_rules_on_delete": false,
            "tags": {
              "Name": "WP_Database_Clients"
            },
            "tags_all": {
              "Name": "WP_Database_Clients"
            },
            "timeouts": null,
            "vpc_id": "vpc-0c14a5cd4d078e128"
          },
          "sensitive_attributes": [],
          "private": "eyJlMmJmYjczMC1lY2FhLTExZTYtOGY4OC0zNDM2M2JjN2M0YzAiOnsiY3JlYXRlIjo2MDAwMDAwMDAwMDAsImRlbGV0ZSI6OTAwMDAwMDAwMDAwfSwic2NoZW1hX3ZlcnNpb24iOiIxIn0=",
          "dependencies": [
            "aws_vpc.main"
          ]
        }
      ]
    },
    {
      "mode": "managed",
      "type": "aws_security_group",
      "name": "wp_efs",
      "provider": "provider[\"registry.terraform.io/hashicorp/aws\"]",
      "instances": [
        {
          "schema_version": 1,
          "attributes": {
            "arn": "arn:aws:ec2:ca-central-1:511684210813:security-group/sg-05cad5e633032d726",
            "description": "WP EFS security group",
            "egress": [
              {
                "cidr_blocks": [
                  "0.0.0.0/0"
                ],
                "description": "",
                "from_port": 0,
                "ipv6_cidr_blocks": [
                  "::/0"
                ],
                "prefix_list_ids": [],
                "protocol": "-1",
                "security_groups": [],
                "self": false,
                "to_port": 0
              }
            ],
            "id": "sg-05cad5e633032d726",
            "ingress": [
              {
                "cidr_blocks": [],
                "description": "NFS TCP port 2049 for EFS share",
                "from_port": 2049,
                "ipv6_cidr_blocks": [],
                "prefix_list_ids": [],
                "protocol": "tcp",
                "security_groups": [
                  "sg-0dde606127589b54b"
                ],
                "self": false,
                "to_port": 2049
              }
            ],
            "name": "WP EFS",
            "name_prefix": "",
            "owner_id": "511684210813",
            "revoke_rules_on_delete": false,
            "tags": {
              "Name": "WP EFS security group"
            },
            "tags_all": {
              "Name": "WP EFS security group"
            },
            "timeouts": null,
            "vpc_id": "vpc-0c14a5cd4d078e128"
          },
          "sensitive_attributes": [],
          "private": "eyJlMmJmYjczMC1lY2FhLTExZTYtOGY4OC0zNDM2M2JjN2M0YzAiOnsiY3JlYXRlIjo2MDAwMDAwMDAwMDAsImRlbGV0ZSI6OTAwMDAwMDAwMDAwfSwic2NoZW1hX3ZlcnNpb24iOiIxIn0=",
          "dependencies": [
            "aws_security_group.wp_efs_clients",
            "aws_vpc.main"
          ]
        }
      ]
    },
    {
      "mode": "managed",
      "type": "aws_security_group",
      "name": "wp_efs_clients",
      "provider": "provider[\"registry.terraform.io/hashicorp/aws\"]",
      "instances": [
        {
          "schema_version": 1,
          "attributes": {
            "arn": "arn:aws:ec2:ca-central-1:511684210813:security-group/sg-0dde606127589b54b",
            "description": "Security group for WP EFS Clients",
            "egress": [
              {
                "cidr_blocks": [
                  "0.0.0.0/0"
                ],
                "description": "",
                "from_port": 0,
                "ipv6_cidr_blocks": [
                  "::/0"
                ],
                "prefix_list_ids": [],
                "protocol": "-1",
                "security_groups": [],
                "self": false,
                "to_port": 0
              }
            ],
            "id": "sg-0dde606127589b54b",
            "ingress": [],
            "name": "WP EFS Clients",
            "name_prefix": "",
            "owner_id": "511684210813",
            "revoke_rules_on_delete": false,
            "tags": {
              "Name": "WP_EFS_Clients"
            },
            "tags_all": {
              "Name": "WP_EFS_Clients"
            },
            "timeouts": null,
            "vpc_id": "vpc-0c14a5cd4d078e128"
          },
          "sensitive_attributes": [],
          "private": "eyJlMmJmYjczMC1lY2FhLTExZTYtOGY4OC0zNDM2M2JjN2M0YzAiOnsiY3JlYXRlIjo2MDAwMDAwMDAwMDAsImRlbGV0ZSI6OTAwMDAwMDAwMDAwfSwic2NoZW1hX3ZlcnNpb24iOiIxIn0=",
          "dependencies": [
            "aws_vpc.main"
          ]
        }
      ]
    },
    {
      "mode": "managed",
      "type": "aws_security_group",
      "name": "wp_load_balancer",
      "provider": "provider[\"registry.terraform.io/hashicorp/aws\"]",
      "instances": [
        {
          "schema_version": 1,
          "attributes": {
            "arn": "arn:aws:ec2:ca-central-1:511684210813:security-group/sg-0e46155d3873f5f2b",
            "description": "WP Load Balancer",
            "egress": [
              {
                "cidr_blocks": [
                  "0.0.0.0/0"
                ],
                "description": "",
                "from_port": 0,
                "ipv6_cidr_blocks": [
                  "::/0"
                ],
                "prefix_list_ids": [],
                "protocol": "-1",
                "security_groups": [],
                "self": false,
                "to_port": 0
              }
            ],
            "id": "sg-0e46155d3873f5f2b",
            "ingress": [
              {
                "cidr_blocks": [
                  "99.251.238.23/32"
                ],
                "description": "",
                "from_port": 80,
                "ipv6_cidr_blocks": [],
                "prefix_list_ids": [],
                "protocol": "tcp",
                "security_groups": [],
                "self": false,
                "to_port": 80
              }
            ],
            "name": "WP Load Balancer",
            "name_prefix": "",
            "owner_id": "511684210813",
            "revoke_rules_on_delete": false,
            "tags": {
              "Name": "WP load balancer"
            },
            "tags_all": {
              "Name": "WP load balancer"
            },
            "timeouts": null,
            "vpc_id": "vpc-0c14a5cd4d078e128"
          },
          "sensitive_attributes": [],
          "private": "eyJlMmJmYjczMC1lY2FhLTExZTYtOGY4OC0zNDM2M2JjN2M0YzAiOnsiY3JlYXRlIjo2MDAwMDAwMDAwMDAsImRlbGV0ZSI6OTAwMDAwMDAwMDAwfSwic2NoZW1hX3ZlcnNpb24iOiIxIn0=",
          "dependencies": [
            "aws_vpc.main"
          ]
        }
      ]
    },
    {
      "mode": "managed",
      "type": "aws_security_group",
      "name": "wp_web_servers",
      "provider": "provider[\"registry.terraform.io/hashicorp/aws\"]",
      "instances": [
        {
          "schema_version": 1,
          "attributes": {
            "arn": "arn:aws:ec2:ca-central-1:511684210813:security-group/sg-001af6cdb50d017c6",
            "description": "WP web server",
            "egress": [
              {
                "cidr_blocks": [
                  "0.0.0.0/0"
                ],
                "description": "",
                "from_port": 0,
                "ipv6_cidr_blocks": [
                  "::/0"
                ],
                "prefix_list_ids": [],
                "protocol": "-1",
                "security_groups": [],
                "self": false,
                "to_port": 0
              }
            ],
            "id": "sg-001af6cdb50d017c6",
            "ingress": [
              {
                "cidr_blocks": [],
                "description": "",
                "from_port": 80,
                "ipv6_cidr_blocks": [],
                "prefix_list_ids": [],
                "protocol": "tcp",
                "security_groups": [
                  "sg-0e46155d3873f5f2b"
                ],
                "self": false,
                "to_port": 80
              }
            ],
            "name": "WP web server",
            "name_prefix": "",
            "owner_id": "511684210813",
            "revoke_rules_on_delete": false,
            "tags": {
              "Name": "WP web server"
            },
            "tags_all": {
              "Name": "WP web server"
            },
            "timeouts": null,
            "vpc_id": "vpc-0c14a5cd4d078e128"
          },
          "sensitive_attributes": [],
          "private": "eyJlMmJmYjczMC1lY2FhLTExZTYtOGY4OC0zNDM2M2JjN2M0YzAiOnsiY3JlYXRlIjo2MDAwMDAwMDAwMDAsImRlbGV0ZSI6OTAwMDAwMDAwMDAwfSwic2NoZW1hX3ZlcnNpb24iOiIxIn0=",
          "dependencies": [
            "aws_security_group.wp_load_balancer",
            "aws_vpc.main"
          ]
        }
      ]
    },
    {
      "mode": "managed",
      "type": "aws_subnet",
      "name": "application_subnet_a",
      "provider": "provider[\"registry.terraform.io/hashicorp/aws\"]",
      "instances": [
        {
          "schema_version": 1,
          "attributes": {
            "arn": "arn:aws:ec2:ca-central-1:511684210813:subnet/subnet-0f5795bcb16174de9",
            "assign_ipv6_address_on_creation": false,
            "availability_zone": "ca-central-1a",
            "availability_zone_id": "cac1-az1",
            "cidr_block": "10.2.2.0/24",
            "customer_owned_ipv4_pool": "",
            "enable_dns64": false,
            "enable_lni_at_device_index": 0,
            "enable_resource_name_dns_a_record_on_launch": false,
            "enable_resource_name_dns_aaaa_record_on_launch": false,
            "id": "subnet-0f5795bcb16174de9",
            "ipv6_cidr_block": "",
            "ipv6_cidr_block_association_id": "",
            "ipv6_native": false,
            "map_customer_owned_ip_on_launch": false,
            "map_public_ip_on_launch": false,
            "outpost_arn": "",
            "owner_id": "511684210813",
            "private_dns_hostname_type_on_launch": "ip-name",
            "tags": {
              "Name": "Application Subnet A"
            },
            "tags_all": {
              "Name": "Application Subnet A"
            },
            "timeouts": null,
            "vpc_id": "vpc-0c14a5cd4d078e128"
          },
          "sensitive_attributes": [],
          "private": "eyJlMmJmYjczMC1lY2FhLTExZTYtOGY4OC0zNDM2M2JjN2M0YzAiOnsiY3JlYXRlIjo2MDAwMDAwMDAwMDAsImRlbGV0ZSI6MTIwMDAwMDAwMDAwMH0sInNjaGVtYV92ZXJzaW9uIjoiMSJ9",
          "dependencies": [
            "aws_vpc.main"
          ]
        }
      ]
    },
    {
      "mode": "managed",
      "type": "aws_subnet",
      "name": "application_subnet_b",
      "provider": "provider[\"registry.terraform.io/hashicorp/aws\"]",
      "instances": [
        {
          "schema_version": 1,
          "attributes": {
            "arn": "arn:aws:ec2:ca-central-1:511684210813:subnet/subnet-01a1d9fc64ba4510a",
            "assign_ipv6_address_on_creation": false,
            "availability_zone": "ca-central-1b",
            "availability_zone_id": "cac1-az2",
            "cidr_block": "10.2.3.0/24",
            "customer_owned_ipv4_pool": "",
            "enable_dns64": false,
            "enable_lni_at_device_index": 0,
            "enable_resource_name_dns_a_record_on_launch": false,
            "enable_resource_name_dns_aaaa_record_on_launch": false,
            "id": "subnet-01a1d9fc64ba4510a",
            "ipv6_cidr_block": "",
            "ipv6_cidr_block_association_id": "",
            "ipv6_native": false,
            "map_customer_owned_ip_on_launch": false,
            "map_public_ip_on_launch": false,
            "outpost_arn": "",
            "owner_id": "511684210813",
            "private_dns_hostname_type_on_launch": "ip-name",
            "tags": {
              "Name": "Application Subnet B"
            },
            "tags_all": {
              "Name": "Application Subnet B"
            },
            "timeouts": null,
            "vpc_id": "vpc-0c14a5cd4d078e128"
          },
          "sensitive_attributes": [],
          "private": "eyJlMmJmYjczMC1lY2FhLTExZTYtOGY4OC0zNDM2M2JjN2M0YzAiOnsiY3JlYXRlIjo2MDAwMDAwMDAwMDAsImRlbGV0ZSI6MTIwMDAwMDAwMDAwMH0sInNjaGVtYV92ZXJzaW9uIjoiMSJ9",
          "dependencies": [
            "aws_vpc.main"
          ]
        }
      ]
    },
    {
      "mode": "managed",
      "type": "aws_subnet",
      "name": "data_subnet_a",
      "provider": "provider[\"registry.terraform.io/hashicorp/aws\"]",
      "instances": [
        {
          "schema_version": 1,
          "attributes": {
            "arn": "arn:aws:ec2:ca-central-1:511684210813:subnet/subnet-0f4e2cfbb4d5a97cc",
            "assign_ipv6_address_on_creation": false,
            "availability_zone": "ca-central-1a",
            "availability_zone_id": "cac1-az1",
            "cidr_block": "10.2.4.0/24",
            "customer_owned_ipv4_pool": "",
            "enable_dns64": false,
            "enable_lni_at_device_index": 0,
            "enable_resource_name_dns_a_record_on_launch": false,
            "enable_resource_name_dns_aaaa_record_on_launch": false,
            "id": "subnet-0f4e2cfbb4d5a97cc",
            "ipv6_cidr_block": "",
            "ipv6_cidr_block_association_id": "",
            "ipv6_native": false,
            "map_customer_owned_ip_on_launch": false,
            "map_public_ip_on_launch": false,
            "outpost_arn": "",
            "owner_id": "511684210813",
            "private_dns_hostname_type_on_launch": "ip-name",
            "tags": {
              "Name": "Data Subnet A"
            },
            "tags_all": {
              "Name": "Data Subnet A"
            },
            "timeouts": null,
            "vpc_id": "vpc-0c14a5cd4d078e128"
          },
          "sensitive_attributes": [],
          "private": "eyJlMmJmYjczMC1lY2FhLTExZTYtOGY4OC0zNDM2M2JjN2M0YzAiOnsiY3JlYXRlIjo2MDAwMDAwMDAwMDAsImRlbGV0ZSI6MTIwMDAwMDAwMDAwMH0sInNjaGVtYV92ZXJzaW9uIjoiMSJ9",
          "dependencies": [
            "aws_vpc.main"
          ]
        }
      ]
    },
    {
      "mode": "managed",
      "type": "aws_subnet",
      "name": "data_subnet_b",
      "provider": "provider[\"registry.terraform.io/hashicorp/aws\"]",
      "instances": [
        {
          "schema_version": 1,
          "attributes": {
            "arn": "arn:aws:ec2:ca-central-1:511684210813:subnet/subnet-0d00e79d27b4aba3a",
            "assign_ipv6_address_on_creation": false,
            "availability_zone": "ca-central-1b",
            "availability_zone_id": "cac1-az2",
            "cidr_block": "10.2.5.0/24",
            "customer_owned_ipv4_pool": "",
            "enable_dns64": false,
            "enable_lni_at_device_index": 0,
            "enable_resource_name_dns_a_record_on_launch": false,
            "enable_resource_name_dns_aaaa_record_on_launch": false,
            "id": "subnet-0d00e79d27b4aba3a",
            "ipv6_cidr_block": "",
            "ipv6_cidr_block_association_id": "",
            "ipv6_native": false,
            "map_customer_owned_ip_on_launch": false,
            "map_public_ip_on_launch": false,
            "outpost_arn": "",
            "owner_id": "511684210813",
            "private_dns_hostname_type_on_launch": "ip-name",
            "tags": {
              "Name": "Data Subnet B"
            },
            "tags_all": {
              "Name": "Data Subnet B"
            },
            "timeouts": null,
            "vpc_id": "vpc-0c14a5cd4d078e128"
          },
          "sensitive_attributes": [],
          "private": "eyJlMmJmYjczMC1lY2FhLTExZTYtOGY4OC0zNDM2M2JjN2M0YzAiOnsiY3JlYXRlIjo2MDAwMDAwMDAwMDAsImRlbGV0ZSI6MTIwMDAwMDAwMDAwMH0sInNjaGVtYV92ZXJzaW9uIjoiMSJ9",
          "dependencies": [
            "aws_vpc.main"
          ]
        }
      ]
    },
    {
      "mode": "managed",
      "type": "aws_subnet",
      "name": "public_subnet_a",
      "provider": "provider[\"registry.terraform.io/hashicorp/aws\"]",
      "instances": [
        {
          "schema_version": 1,
          "attributes": {
            "arn": "arn:aws:ec2:ca-central-1:511684210813:subnet/subnet-0fa6b8e16e052968f",
            "assign_ipv6_address_on_creation": false,
            "availability_zone": "ca-central-1a",
            "availability_zone_id": "cac1-az1",
            "cidr_block": "10.2.0.0/24",
            "customer_owned_ipv4_pool": "",
            "enable_dns64": false,
            "enable_lni_at_device_index": 0,
            "enable_resource_name_dns_a_record_on_launch": false,
            "enable_resource_name_dns_aaaa_record_on_launch": false,
            "id": "subnet-0fa6b8e16e052968f",
            "ipv6_cidr_block": "",
            "ipv6_cidr_block_association_id": "",
            "ipv6_native": false,
            "map_customer_owned_ip_on_launch": false,
            "map_public_ip_on_launch": false,
            "outpost_arn": "",
            "owner_id": "511684210813",
            "private_dns_hostname_type_on_launch": "ip-name",
            "tags": {
              "Name": "Public Subnet A"
            },
            "tags_all": {
              "Name": "Public Subnet A"
            },
            "timeouts": null,
            "vpc_id": "vpc-0c14a5cd4d078e128"
          },
          "sensitive_attributes": [],
          "private": "eyJlMmJmYjczMC1lY2FhLTExZTYtOGY4OC0zNDM2M2JjN2M0YzAiOnsiY3JlYXRlIjo2MDAwMDAwMDAwMDAsImRlbGV0ZSI6MTIwMDAwMDAwMDAwMH0sInNjaGVtYV92ZXJzaW9uIjoiMSJ9",
          "dependencies": [
            "aws_vpc.main"
          ]
        }
      ]
    },
    {
      "mode": "managed",
      "type": "aws_subnet",
      "name": "public_subnet_b",
      "provider": "provider[\"registry.terraform.io/hashicorp/aws\"]",
      "instances": [
        {
          "schema_version": 1,
          "attributes": {
            "arn": "arn:aws:ec2:ca-central-1:511684210813:subnet/subnet-04b2a55575344e718",
            "assign_ipv6_address_on_creation": false,
            "availability_zone": "ca-central-1b",
            "availability_zone_id": "cac1-az2",
            "cidr_block": "10.2.1.0/24",
            "customer_owned_ipv4_pool": "",
            "enable_dns64": false,
            "enable_lni_at_device_index": 0,
            "enable_resource_name_dns_a_record_on_launch": false,
            "enable_resource_name_dns_aaaa_record_on_launch": false,
            "id": "subnet-04b2a55575344e718",
            "ipv6_cidr_block": "",
            "ipv6_cidr_block_association_id": "",
            "ipv6_native": false,
            "map_customer_owned_ip_on_launch": false,
            "map_public_ip_on_launch": false,
            "outpost_arn": "",
            "owner_id": "511684210813",
            "private_dns_hostname_type_on_launch": "ip-name",
            "tags": {
              "Name": "Public Subnet B"
            },
            "tags_all": {
              "Name": "Public Subnet B"
            },
            "timeouts": null,
            "vpc_id": "vpc-0c14a5cd4d078e128"
          },
          "sensitive_attributes": [],
          "private": "eyJlMmJmYjczMC1lY2FhLTExZTYtOGY4OC0zNDM2M2JjN2M0YzAiOnsiY3JlYXRlIjo2MDAwMDAwMDAwMDAsImRlbGV0ZSI6MTIwMDAwMDAwMDAwMH0sInNjaGVtYV92ZXJzaW9uIjoiMSJ9",
          "dependencies": [
            "aws_vpc.main"
          ]
        }
      ]
    },
    {
      "mode": "managed",
      "type": "aws_vpc",
      "name": "main",
      "provider": "provider[\"registry.terraform.io/hashicorp/aws\"]",
      "instances": [
        {
          "schema_version": 1,
          "attributes": {
            "arn": "arn:aws:ec2:ca-central-1:511684210813:vpc/vpc-0c14a5cd4d078e128",
            "assign_generated_ipv6_cidr_block": false,
            "cidr_block": "10.2.0.0/16",
            "default_network_acl_id": "acl-0d29edacfbed03d59",
            "default_route_table_id": "rtb-0fbdeaec59a21f4aa",
            "default_security_group_id": "sg-0567435637adcbbc5",
            "dhcp_options_id": "dopt-0840b5766f7c44ce9",
            "enable_dns_hostnames": true,
            "enable_dns_support": true,
            "enable_network_address_usage_metrics": false,
            "id": "vpc-0c14a5cd4d078e128",
            "instance_tenancy": "default",
            "ipv4_ipam_pool_id": null,
            "ipv4_netmask_length": null,
            "ipv6_association_id": "",
            "ipv6_cidr_block": "",
            "ipv6_cidr_block_network_border_group": "",
            "ipv6_ipam_pool_id": "",
            "ipv6_netmask_length": 0,
            "main_route_table_id": "rtb-0fbdeaec59a21f4aa",
            "owner_id": "511684210813",
            "tags": {
              "Name": "Project VPC"
            },
            "tags_all": {
              "Name": "Project VPC"
            }
          },
          "sensitive_attributes": [],
          "private": "eyJzY2hlbWFfdmVyc2lvbiI6IjEifQ=="
        }
      ]
    },
    {
      "mode": "managed",
      "type": "aws_vpc_security_group_ingress_rule",
      "name": "allow_tls_ipv4",
      "provider": "provider[\"registry.terraform.io/hashicorp/aws\"]",
      "instances": [
        {
          "schema_version": 0,
          "attributes": {
            "arn": "arn:aws:ec2:ca-central-1:511684210813:security-group-rule/sgr-04be83572da4ff1b4",
            "cidr_ipv4": "99.251.238.23/32",
            "cidr_ipv6": null,
            "description": null,
            "from_port": 80,
            "id": "sgr-04be83572da4ff1b4",
            "ip_protocol": "tcp",
            "prefix_list_id": null,
            "referenced_security_group_id": null,
            "security_group_id": "sg-0e46155d3873f5f2b",
            "security_group_rule_id": "sgr-04be83572da4ff1b4",
            "tags": null,
            "tags_all": {},
            "to_port": 80
          },
          "sensitive_attributes": [],
          "dependencies": [
            "aws_security_group.wp_load_balancer",
            "aws_vpc.main"
          ]
        }
      ]
    }
  ],
  "check_results": null
}
